// !$*UTF8*$!
{
	archiveVersion = 1;
	classes = {
	};
	objectVersion = 50;
	objects = {

/* Begin PBXBuildFile section */
		AF05FE252476987600A58986 /* AppDelegate.swift in Sources */ = {isa = PBXBuildFile; fileRef = AF05FE242476987600A58986 /* AppDelegate.swift */; };
		AF05FE272476987600A58986 /* SceneDelegate.swift in Sources */ = {isa = PBXBuildFile; fileRef = AF05FE262476987600A58986 /* SceneDelegate.swift */; };
		AF05FE292476987600A58986 /* ViewController.swift in Sources */ = {isa = PBXBuildFile; fileRef = AF05FE282476987600A58986 /* ViewController.swift */; };
		AF05FE2C2476987600A58986 /* Main.storyboard in Resources */ = {isa = PBXBuildFile; fileRef = AF05FE2A2476987600A58986 /* Main.storyboard */; };
		AF05FE2E2476987700A58986 /* Assets.xcassets in Resources */ = {isa = PBXBuildFile; fileRef = AF05FE2D2476987700A58986 /* Assets.xcassets */; };
		AF05FE312476987700A58986 /* LaunchScreen.storyboard in Resources */ = {isa = PBXBuildFile; fileRef = AF05FE2F2476987700A58986 /* LaunchScreen.storyboard */; };
		AF05FE3924769B3C00A58986 /* toy_robot_vintage.usdz in Resources */ = {isa = PBXBuildFile; fileRef = AF05FE3824769B3C00A58986 /* toy_robot_vintage.usdz */; };
/* End PBXBuildFile section */

/* Begin PBXFileReference section */
		AF05FE212476987600A58986 /* AR Sample.app */ = {isa = PBXFileReference; explicitFileType = wrapper.application; includeInIndex = 0; path = "AR Sample.app"; sourceTree = BUILT_PRODUCTS_DIR; };
		AF05FE242476987600A58986 /* AppDelegate.swift */ = {isa = PBXFileReference; lastKnownFileType = sourcecode.swift; path = AppDelegate.swift; sourceTree = "<group>"; };
		AF05FE262476987600A58986 /* SceneDelegate.swift */ = {isa = PBXFileReference; lastKnownFileType = sourcecode.swift; path = SceneDelegate.swift; sourceTree = "<group>"; };
		AF05FE282476987600A58986 /* ViewController.swift */ = {isa = PBXFileReference; lastKnownFileType = sourcecode.swift; path = ViewController.swift; sourceTree = "<group>"; };
		AF05FE2B2476987600A58986 /* Base */ = {isa = PBXFileReference; lastKnownFileType = file.storyboard; name = Base; path = Base.lproj/Main.storyboard; sourceTree = "<group>"; };
		AF05FE2D2476987700A58986 /* Assets.xcassets */ = {isa = PBXFileReference; lastKnownFileType = folder.assetcatalog; path = Assets.xcassets; sourceTree = "<group>"; };
		AF05FE302476987700A58986 /* Base */ = {isa = PBXFileReference; lastKnownFileType = file.storyboard; name = Base; path = Base.lproj/LaunchScreen.storyboard; sourceTree = "<group>"; };
		AF05FE322476987700A58986 /* Info.plist */ = {isa = PBXFileReference; lastKnownFileType = text.plist.xml; path = Info.plist; sourceTree = "<group>"; };
		AF05FE3824769B3C00A58986 /* toy_robot_vintage.usdz */ = {isa = PBXFileReference; lastKnownFileType = file.usdz; path = toy_robot_vintage.usdz; sourceTree = "<group>"; };
/* End PBXFileReference section */

/* Begin PBXFrameworksBuildPhase section */
		AF05FE1E2476987600A58986 /* Frameworks */ = {
			isa = PBXFrameworksBuildPhase;
			buildActionMask = 2147483647;
			files = (
			);
			runOnlyForDeploymentPostprocessing = 0;
		};
/* End PBXFrameworksBuildPhase section */

/* Begin PBXGroup section */
		AF05FE182476987600A58986 = {
			isa = PBXGroup;
			children = (
				AF05FE232476987600A58986 /* AR Sample */,
				AF05FE222476987600A58986 /* Products */,
			);
			sourceTree = "<group>";
		};
		AF05FE222476987600A58986 /* Products */ = {
			isa = PBXGroup;
			children = (
				AF05FE212476987600A58986 /* AR Sample.app */,
			);
			name = Products;
			sourceTree = "<group>";
		};
		AF05FE232476987600A58986 /* AR Sample */ = {
			isa = PBXGroup;
			children = (
				AF05FE3D24769B9400A58986 /* Models */,
				AF05FE242476987600A58986 /* AppDelegate.swift */,
				AF05FE262476987600A58986 /* SceneDelegate.swift */,
				AF05FE282476987600A58986 /* ViewController.swift */,
				AF05FE2A2476987600A58986 /* Main.storyboard */,
				AF05FE2D2476987700A58986 /* Assets.xcassets */,
				AF05FE2F2476987700A58986 /* LaunchScreen.storyboard */,
				AF05FE322476987700A58986 /* Info.plist */,
			);
			path = "AR Sample";
			sourceTree = "<group>";
		};
		AF05FE3D24769B9400A58986 /* Models */ = {
			isa = PBXGroup;
			children = (
				AF05FE3824769B3C00A58986 /* toy_robot_vintage.usdz */,
			);
			path = Models;
			sourceTree = "<group>";
		};
/* End PBXGroup section */

/* Begin PBXNativeTarget section */
		AF05FE202476987600A58986 /* AR Sample */ = {
			isa = PBXNativeTarget;
			buildConfigurationList = AF05FE352476987700A58986 /* Build configuration list for PBXNativeTarget "AR Sample" */;
			buildPhases = (
				AF05FE1D2476987600A58986 /* Sources */,
				AF05FE1E2476987600A58986 /* Frameworks */,
				AF05FE1F2476987600A58986 /* Resources */,
			);
			buildRules = (
			);
			dependencies = (
			);
			name = "AR Sample";
			productName = "AR Sample";
			productReference = AF05FE212476987600A58986 /* AR Sample.app */;
			productType = "com.apple.product-type.application";
		};
/* End PBXNativeTarget section */

/* Begin PBXProject section */
		AF05FE192476987600A58986 /* Project object */ = {
			isa = PBXProject;
			attributes = {
				LastSwiftUpdateCheck = 1150;
				LastUpgradeCheck = 1150;
				ORGANIZATIONNAME = ThiagoGouvea;
				TargetAttributes = {
					AF05FE202476987600A58986 = {
						CreatedOnToolsVersion = 11.5;
					};
				};
			};
			buildConfigurationList = AF05FE1C2476987600A58986 /* Build configuration list for PBXProject "AR Sample" */;
			compatibilityVersion = "Xcode 9.3";
			developmentRegion = en;
			hasScannedForEncodings = 0;
			knownRegions = (
				en,
				Base,
			);
			mainGroup = AF05FE182476987600A58986;
			productRefGroup = AF05FE222476987600A58986 /* Products */;
			projectDirPath = "";
			projectRoot = "";
			targets = (
				AF05FE202476987600A58986 /* AR Sample */,
			);
		};
/* End PBXProject section */

/* Begin PBXResourcesBuildPhase section */
		AF05FE1F2476987600A58986 /* Resources */ = {
			isa = PBXResourcesBuildPhase;
			buildActionMask = 2147483647;
			files = (
				AF05FE3924769B3C00A58986 /* toy_robot_vintage.usdz in Resources */,
				AF05FE312476987700A58986 /* LaunchScreen.storyboard in Resources */,
				AF05FE2E2476987700A58986 /* Assets.xcassets in Resources */,
				AF05FE2C2476987600A58986 /* Main.storyboard in Resources */,
			);
			runOnlyForDeploymentPostprocessing = 0;
		};
/* End PBXResourcesBuildPhase section */

/* Begin PBXSourcesBuildPhase section */
		AF05FE1D2476987600A58986 /* Sources */ = {
			isa = PBXSourcesBuildPhase;
			buildActionMask = 2147483647;
			files = (
				AF05FE292476987600A58986 /* ViewController.swift in Sources */,
				AF05FE252476987600A58986 /* AppDelegate.swift in Sources */,
				AF05FE272476987600A58986 /* SceneDelegate.swift in Sources */,
			);
			runOnlyForDeploymentPostprocessing = 0;
		};
/* End PBXSourcesBuildPhase section */

/* Begin PBXVariantGroup section */
		AF05FE2A2476987600A58986 /* Main.storyboard */ = {
			isa = PBXVariantGroup;
			children = (
				AF05FE2B2476987600A58986 /* Base */,
			);
			name = Main.storyboard;
			sourceTree = "<group>";
		};
		AF05FE2F2476987700A58986 /* LaunchScreen.storyboard */ = {
			isa = PBXVariantGroup;
			children = (
				AF05FE302476987700A58986 /* Base */,
			);
			name = LaunchScreen.storyboard;
			sourceTree = "<group>";
		};
/* End PBXVariantGroup section */

/* Begin XCBuildConfiguration section */
		AF05FE332476987700A58986 /* Debug */ = {
			isa = XCBuildConfiguration;
			buildSettings = {
				ALWAYS_SEARCH_USER_PATHS = NO;
				CLANG_ANALYZER_NONNULL = YES;
				CLANG_ANALYZER_NUMBER_OBJECT_CONVERSION = YES_AGGRESSIVE;
				CLANG_CXX_LANGUAGE_STANDARD = "gnu++14";
				CLANG_CXX_LIBRARY = "libc++";
				CLANG_ENABLE_MODULES = YES;
				CLANG_ENABLE_OBJC_ARC = YES;
				CLANG_ENABLE_OBJC_WEAK = YES;
				CLANG_WARN_BLOCK_CAPTURE_AUTORELEASING = YES;
				CLANG_WARN_BOOL_CONVERSION = YES;
				CLANG_WARN_COMMA = YES;
				CLANG_WARN_CONSTANT_CONVERSION = YES;
				CLANG_WARN_DEPRECATED_OBJC_IMPLEMENTATIONS = YES;
				CLANG_WARN_DIRECT_OBJC_ISA_USAGE = YES_ERROR;
				CLANG_WARN_DOCUMENTATION_COMMENTS = YES;
				CLANG_WARN_EMPTY_BODY = YES;
				CLANG_WARN_ENUM_CONVERSION = YES;
				CLANG_WARN_INFINITE_RECURSION = YES;
				CLANG_WARN_INT_CONVERSION = YES;
				CLANG_WARN_NON_LITERAL_NULL_CONVERSION = YES;
				CLANG_WARN_OBJC_IMPLICIT_RETAIN_SELF = YES;
				CLANG_WARN_OBJC_LITERAL_CONVERSION = YES;
				CLANG_WARN_OBJC_ROOT_CLASS = YES_ERROR;
				CLANG_WARN_RANGE_LOOP_ANALYSIS = YES;
				CLANG_WARN_STRICT_PROTOTYPES = YES;
				CLANG_WARN_SUSPICIOUS_MOVE = YES;
				CLANG_WARN_UNGUARDED_AVAILABILITY = YES_AGGRESSIVE;
				CLANG_WARN_UNREACHABLE_CODE = YES;
				CLANG_WARN__DUPLICATE_METHOD_MATCH = YES;
				COPY_PHASE_STRIP = NO;
				DEBUG_INFORMATION_FORMAT = dwarf;
				ENABLE_STRICT_OBJC_MSGSEND = YES;
				ENABLE_TESTABILITY = YES;
				GCC_C_LANGUAGE_STANDARD = gnu11;
				GCC_DYNAMIC_NO_PIC = NO;
				GCC_NO_COMMON_BLOCKS = YES;
				GCC_OPTIMIZATION_LEVEL = 0;
				GCC_PREPROCESSOR_DEFINITIONS = (
					"DEBUG=1",
					"$(inherited)",
				);
				GCC_WARN_64_TO_32_BIT_CONVERSION = YES;
				GCC_WARN_ABOUT_RETURN_TYPE = YES_ERROR;
				GCC_WARN_UNDECLARED_SELECTOR = YES;
				GCC_WARN_UNINITIALIZED_AUTOS = YES_AGGRESSIVE;
				GCC_WARN_UNUSED_FUNCTION = YES;
				GCC_WARN_UNUSED_VARIABLE = YES;
				IPHONEOS_DEPLOYMENT_TARGET = 13.5;
				MTL_ENABLE_DEBUG_INFO = INCLUDE_SOURCE;
				MTL_FAST_MATH = YES;
				ONLY_ACTIVE_ARCH = YES;
				SDKROOT = iphoneos;
				SWIFT_ACTIVE_COMPILATION_CONDITIONS = DEBUG;
				SWIFT_OPTIMIZATION_LEVEL = "-Onone";
			};
			name = Debug;
		};
		AF05FE342476987700A58986 /* Release */ = {
			isa = XCBuildConfiguration;
			buildSettings = {
				ALWAYS_SEARCH_USER_PATHS = NO;
				CLANG_ANALYZER_NONNULL = YES;
				CLANG_ANALYZER_NUMBER_OBJECT_CONVERSION = YES_AGGRESSIVE;
				CLANG_CXX_LANGUAGE_STANDARD = "gnu++14";
				CLANG_CXX_LIBRARY = "libc++";
				CLANG_ENABLE_MODULES = YES;
				CLANG_ENABLE_OBJC_ARC = YES;
				CLANG_ENABLE_OBJC_WEAK = YES;
				CLANG_WARN_BLOCK_CAPTURE_AUTORELEASING = YES;
				CLANG_WARN_BOOL_CONVERSION = YES;
				CLANG_WARN_COMMA = YES;
				CLANG_WARN_CONSTANT_CONVERSION = YES;
				CLANG_WARN_DEPRECATED_OBJC_IMPLEMENTATIONS = YES;
				CLANG_WARN_DIRECT_OBJC_ISA_USAGE = YES_ERROR;
				CLANG_WARN_DOCUMENTATION_COMMENTS = YES;
				CLANG_WARN_EMPTY_BODY = YES;
				CLANG_WARN_ENUM_CONVERSION = YES;
				CLANG_WARN_INFINITE_RECURSION = YES;
				CLANG_WARN_INT_CONVERSION = YES;
				CLANG_WARN_NON_LITERAL_NULL_CONVERSION = YES;
				CLANG_WARN_OBJC_IMPLICIT_RETAIN_SELF = YES;
				CLANG_WARN_OBJC_LITERAL_CONVERSION = YES;
				CLANG_WARN_OBJC_ROOT_CLASS = YES_ERROR;
				CLANG_WARN_RANGE_LOOP_ANALYSIS = YES;
				CLANG_WARN_STRICT_PROTOTYPES = YES;
				CLANG_WARN_SUSPICIOUS_MOVE = YES;
				CLANG_WARN_UNGUARDED_AVAILABILITY = YES_AGGRESSIVE;
				CLANG_WARN_UNREACHABLE_CODE = YES;
				CLANG_WARN__DUPLICATE_METHOD_MATCH = YES;
				COPY_PHASE_STRIP = NO;
				DEBUG_INFORMATION_FORMAT = "dwarf-with-dsym";
				ENABLE_NS_ASSERTIONS = NO;
				ENABLE_STRICT_OBJC_MSGSEND = YES;
				GCC_C_LANGUAGE_STANDARD = gnu11;
				GCC_NO_COMMON_BLOCKS = YES;
				GCC_WARN_64_TO_32_BIT_CONVERSION = YES;
				GCC_WARN_ABOUT_RETURN_TYPE = YES_ERROR;
				GCC_WARN_UNDECLARED_SELECTOR = YES;
				GCC_WARN_UNINITIALIZED_AUTOS = YES_AGGRESSIVE;
				GCC_WARN_UNUSED_FUNCTION = YES;
				GCC_WARN_UNUSED_VARIABLE = YES;
				IPHONEOS_DEPLOYMENT_TARGET = 13.5;
				MTL_ENABLE_DEBUG_INFO = NO;
				MTL_FAST_MATH = YES;
				SDKROOT = iphoneos;
				SWIFT_COMPILATION_MODE = wholemodule;
				SWIFT_OPTIMIZATION_LEVEL = "-O";
				VALIDATE_PRODUCT = YES;
			};
			name = Release;
		};
		AF05FE362476987700A58986 /* Debug */ = {
			isa = XCBuildConfiguration;
			buildSettings = {
				ASSETCATALOG_COMPILER_APPICON_NAME = AppIcon;
				CODE_SIGN_STYLE = Automatic;
				DEVELOPMENT_TEAM = F7Y682D9E6;
				INFOPLIST_FILE = "AR Sample/Info.plist";
				LD_RUNPATH_SEARCH_PATHS = (
					"$(inherited)",
					"@executable_path/Frameworks",
				);
				PRODUCT_BUNDLE_IDENTIFIER = "thiagogouvea.com.AR-Sample";
				PRODUCT_NAME = "$(TARGET_NAME)";
				SWIFT_VERSION = 5.0;
				TARGETED_DEVICE_FAMILY = "1,2";
			};
			name = Debug;
		};
		AF05FE372476987700A58986 /* Release */ = {
			isa = XCBuildConfiguration;
			buildSettings = {
				ASSETCATALOG_COMPILER_APPICON_NAME = AppIcon;
				CODE_SIGN_STYLE = Automatic;
				DEVELOPMENT_TEAM = F7Y682D9E6;
				INFOPLIST_FILE = "AR Sample/Info.plist";
				LD_RUNPATH_SEARCH_PATHS = (
					"$(inherited)",
					"@executable_path/Frameworks",
				);
				PRODUCT_BUNDLE_IDENTIFIER = "thiagogouvea.com.AR-Sample";
				PRODUCT_NAME = "$(TARGET_NAME)";
				SWIFT_VERSION = 5.0;
				TARGETED_DEVICE_FAMILY = "1,2";
			};
			name = Release;
		};
/* End XCBuildConfiguration section */

/* Begin XCConfigurationList section */
		AF05FE1C2476987600A58986 /* Build configuration list for PBXProject "AR Sample" */ = {
			isa = XCConfigurationList;
			buildConfigurations = (
				AF05FE332476987700A58986 /* Debug */,
				AF05FE342476987700A58986 /* Release */,
			);
			defaultConfigurationIsVisible = 0;
			defaultConfigurationName = Release;
		};
		AF05FE352476987700A58986 /* Build configuration list for PBXNativeTarget "AR Sample" */ = {
			isa = XCConfigurationList;
			buildConfigurations = (
				AF05FE362476987700A58986 /* Debug */,
				AF05FE372476987700A58986 /* Release */,
			);
			defaultConfigurationIsVisible = 0;
			defaultConfigurationName = Release;
		};
/* End XCConfigurationList section */
	};
	rootObject = AF05FE192476987600A58986 /* Project object */;
}
